
Microsoft Visual Studio Solution File, Format Version 12.00
# Visual Studio Version 16
VisualStudioVersion = 16.0.30717.126
MinimumVisualStudioVersion = 10.0.40219.1
Project("{8BC9CEB8-8B4A-11D0-8D11-00A0C91BC942}") = "laba8", "laba8\laba8.vcxproj", "{36D89277-CB4D-4D6C-9D86-C82A98545EAD}"
EndProject
Global
	GlobalSection(SolutionConfigurationPlatforms) = preSolution
		Debug|x64 = Debug|x64
		Debug|x86 = Debug|x86
		Release|x64 = Release|x64
		Release|x86 = Release|x86
	EndGlobalSection
	GlobalSection(ProjectConfigurationPlatforms) = postSolution
		{36D89277-CB4D-4D6C-9D86-C82A98545EAD}.Debug|x64.ActiveCfg = Debug|x64
		{36D89277-CB4D-4D6C-9D86-C82A98545EAD}.Debug|x64.Build.0 = Debug|x64
		{36D89277-CB4D-4D6C-9D86-C82A98545EAD}.Debug|x86.ActiveCfg = Debug|Win32
		{36D89277-CB4D-4D6C-9D86-C82A98545EAD}.Debug|x86.Build.0 = Debug|Win32
		{36D89277-CB4D-4D6C-9D86-C82A98545EAD}.Release|x64.ActiveCfg = Release|x64
		{36D89277-CB4D-4D6C-9D86-C82A98545EAD}.Release|x64.Build.0 = Release|x64
		{36D89277-CB4D-4D6C-9D86-C82A98545EAD}.Release|x86.ActiveCfg = Release|Win32
		{36D89277-CB4D-4D6C-9D86-C82A98545EAD}.Release|x86.Build.0 = Release|Win32
	EndGlobalSection
	GlobalSection(SolutionProperties) = preSolution
		HideSolutionNode = FALSE
	EndGlobalSection
	GlobalSection(ExtensibilityGlobals) = postSolution
		SolutionGuid = {CCDD1606-AB08-4369-A222-4F1CE8FD5253}
	EndGlobalSection
EndGlobal
